
Microsoft Visual Studio Solution File, Format Version 12.00
# Visual Studio Version 16
VisualStudioVersion = 16.0.810.12
MinimumVisualStudioVersion = 10.0.40219.1
Project("{FAE04EC0-301F-11D3-BF4B-00C04F79EFBC}") = "가위바위보_final", "가위바위보_final\가위바위보_final.csproj", "{06D5AADD-FE30-453E-AF79-585850024C77}"
EndProject
Global
	GlobalSection(SolutionConfigurationPlatforms) = preSolution
		Debug|Any CPU = Debug|Any CPU
		Release|Any CPU = Release|Any CPU
	EndGlobalSection
	GlobalSection(ProjectConfigurationPlatforms) = postSolution
		{06D5AADD-FE30-453E-AF79-585850024C77}.Debug|Any CPU.ActiveCfg = Debug|Any CPU
		{06D5AADD-FE30-453E-AF79-585850024C77}.Debug|Any CPU.Build.0 = Debug|Any CPU
		{06D5AADD-FE30-453E-AF79-585850024C77}.Release|Any CPU.ActiveCfg = Release|Any CPU
		{06D5AADD-FE30-453E-AF79-585850024C77}.Release|Any CPU.Build.0 = Release|Any CPU
	EndGlobalSection
	GlobalSection(SolutionProperties) = preSolution
		HideSolutionNode = FALSE
	EndGlobalSection
	GlobalSection(ExtensibilityGlobals) = postSolution
		SolutionGuid = {A4A5C6FE-F5D7-4D13-A16E-904FAE77DDD8}
	EndGlobalSection
EndGlobal
